
Microsoft Visual Studio Solution File, Format Version 12.00
# Visual Studio 15
VisualStudioVersion = 15.0.28307.106
MinimumVisualStudioVersion = 10.0.40219.1
Project("{FAE04EC0-301F-11D3-BF4B-00C04F79EFBC}") = "SocketLibrary", "SocketLibrary\SocketLibrary.csproj", "{E058BADE-ADD8-445E-BB9B-022D98DB9A58}"
EndProject
Project("{FAE04EC0-301F-11D3-BF4B-00C04F79EFBC}") = "SocketServerApp", "SocketServerApp\SocketServerApp.csproj", "{8BA0F384-DB2C-4160-967C-5E4035CF9A5A}"
EndProject
Project("{FAE04EC0-301F-11D3-BF4B-00C04F79EFBC}") = "SocketClientApp", "SocketClientApp\SocketClientApp.csproj", "{22DB3829-7715-41C9-B550-EA5987EDF3B4}"
EndProject
Project("{FAE04EC0-301F-11D3-BF4B-00C04F79EFBC}") = "SocketAppContracts", "SocketAppContracts\SocketAppContracts.csproj", "{80EA4889-0606-4F57-BC07-8EF356A8B8A4}"
EndProject
Project("{FAE04EC0-301F-11D3-BF4B-00C04F79EFBC}") = "SelfHostedWebsiteA.NET", "SelfHostedWebsiteA.NET\SelfHostedWebsiteA.NET.csproj", "{7EAC9321-1CFF-45C9-A0F7-0FCBC718EDB6}"
EndProject
Project("{FAE04EC0-301F-11D3-BF4B-00C04F79EFBC}") = "SelfHostedWebsiteB.NET", "SelfHostedWebsiteB.NET\SelfHostedWebsiteB.NET.csproj", "{E0467907-75F1-42E1-8F84-0D80E38DE6E0}"
EndProject
Project("{FAE04EC0-301F-11D3-BF4B-00C04F79EFBC}") = "IPC.HTTP", "IPC.HTTP\IPC.HTTP.csproj", "{39C1F8A6-995D-4F06-B502-FC02DDC11D5A}"
EndProject
Global
	GlobalSection(SolutionConfigurationPlatforms) = preSolution
		Debug|Any CPU = Debug|Any CPU
		Release|Any CPU = Release|Any CPU
	EndGlobalSection
	GlobalSection(ProjectConfigurationPlatforms) = postSolution
		{E058BADE-ADD8-445E-BB9B-022D98DB9A58}.Debug|Any CPU.ActiveCfg = Debug|Any CPU
		{E058BADE-ADD8-445E-BB9B-022D98DB9A58}.Debug|Any CPU.Build.0 = Debug|Any CPU
		{E058BADE-ADD8-445E-BB9B-022D98DB9A58}.Release|Any CPU.ActiveCfg = Release|Any CPU
		{E058BADE-ADD8-445E-BB9B-022D98DB9A58}.Release|Any CPU.Build.0 = Release|Any CPU
		{8BA0F384-DB2C-4160-967C-5E4035CF9A5A}.Debug|Any CPU.ActiveCfg = Debug|Any CPU
		{8BA0F384-DB2C-4160-967C-5E4035CF9A5A}.Debug|Any CPU.Build.0 = Debug|Any CPU
		{8BA0F384-DB2C-4160-967C-5E4035CF9A5A}.Release|Any CPU.ActiveCfg = Release|Any CPU
		{8BA0F384-DB2C-4160-967C-5E4035CF9A5A}.Release|Any CPU.Build.0 = Release|Any CPU
		{22DB3829-7715-41C9-B550-EA5987EDF3B4}.Debug|Any CPU.ActiveCfg = Debug|Any CPU
		{22DB3829-7715-41C9-B550-EA5987EDF3B4}.Debug|Any CPU.Build.0 = Debug|Any CPU
		{22DB3829-7715-41C9-B550-EA5987EDF3B4}.Release|Any CPU.ActiveCfg = Release|Any CPU
		{22DB3829-7715-41C9-B550-EA5987EDF3B4}.Release|Any CPU.Build.0 = Release|Any CPU
		{80EA4889-0606-4F57-BC07-8EF356A8B8A4}.Debug|Any CPU.ActiveCfg = Debug|Any CPU
		{80EA4889-0606-4F57-BC07-8EF356A8B8A4}.Debug|Any CPU.Build.0 = Debug|Any CPU
		{80EA4889-0606-4F57-BC07-8EF356A8B8A4}.Release|Any CPU.ActiveCfg = Release|Any CPU
		{80EA4889-0606-4F57-BC07-8EF356A8B8A4}.Release|Any CPU.Build.0 = Release|Any CPU
		{7EAC9321-1CFF-45C9-A0F7-0FCBC718EDB6}.Debug|Any CPU.ActiveCfg = Debug|Any CPU
		{7EAC9321-1CFF-45C9-A0F7-0FCBC718EDB6}.Debug|Any CPU.Build.0 = Debug|Any CPU
		{7EAC9321-1CFF-45C9-A0F7-0FCBC718EDB6}.Release|Any CPU.ActiveCfg = Release|Any CPU
		{7EAC9321-1CFF-45C9-A0F7-0FCBC718EDB6}.Release|Any CPU.Build.0 = Release|Any CPU
		{E0467907-75F1-42E1-8F84-0D80E38DE6E0}.Debug|Any CPU.ActiveCfg = Debug|Any CPU
		{E0467907-75F1-42E1-8F84-0D80E38DE6E0}.Debug|Any CPU.Build.0 = Debug|Any CPU
		{E0467907-75F1-42E1-8F84-0D80E38DE6E0}.Release|Any CPU.ActiveCfg = Release|Any CPU
		{E0467907-75F1-42E1-8F84-0D80E38DE6E0}.Release|Any CPU.Build.0 = Release|Any CPU
		{39C1F8A6-995D-4F06-B502-FC02DDC11D5A}.Debug|Any CPU.ActiveCfg = Debug|Any CPU
		{39C1F8A6-995D-4F06-B502-FC02DDC11D5A}.Debug|Any CPU.Build.0 = Debug|Any CPU
		{39C1F8A6-995D-4F06-B502-FC02DDC11D5A}.Release|Any CPU.ActiveCfg = Release|Any CPU
		{39C1F8A6-995D-4F06-B502-FC02DDC11D5A}.Release|Any CPU.Build.0 = Release|Any CPU
	EndGlobalSection
	GlobalSection(SolutionProperties) = preSolution
		HideSolutionNode = FALSE
	EndGlobalSection
	GlobalSection(ExtensibilityGlobals) = postSolution
		SolutionGuid = {78D27B75-53E9-406B-BCEE-5749096A942A}
	EndGlobalSection
EndGlobal
